<?xml version="1.0" encoding="utf-8"?>
<Project ToolsVersion="4.0" xmlns="http://schemas.microsoft.com/developer/msbuild/2003">
  <ItemGroup>
    <Filter Include="Source Files">
      <UniqueIdentifier>{4FC737F1-C7A5-4376-A066-2A32D752A2FF}</UniqueIdentifier>
      <Extensions>cpp;c;cc;cxx;c++;cppm;ixx;def;odl;idl;hpj;bat;asm;asmx</Extensions>
    </Filter>
    <Filter Include="Header Files">
      <UniqueIdentifier>{93995380-89BD-4b04-88EB-625FBE52EBFB}</UniqueIdentifier>
      <Extensions>h;hh;hpp;hxx;h++;hm;inl;inc;ipp;xsd</Extensions>
    </Filter>
    <Filter Include="Resource Files">
      <UniqueIdentifier>{67DA6AB6-F800-4c08-8B7A-83BB121AAD01}</UniqueIdentifier>
      <Extensions>rc;ico;cur;bmp;dlg;rc2;rct;bin;rgs;gif;jpg;jpeg;jpe;resx;tiff;tif;png;wav;mfcribbon-ms</Extensions>
    </Filter>
  </ItemGroup>
  <ItemGroup>
    <ClCompile Include="Main.cpp">
      <Filter>Source Files</Filter>
    </ClCompile>
    <ClCompile Include="Config\Config.cpp">
      <Filter>Source Files</Filter>
    </ClCompile>
    <ClCompile Include="Config\fileIO.cpp">
      <Filter>Source Files</Filter>
    </ClCompile>
    <ClCompile Include="Utils\Logging.cpp">
      <Filter>Source Files</Filter>
    </ClCompile>
    <ClCompile Include="UI\Draw.cpp">
      <Filter>Source Files</Filter>
    </ClCompile>
    <ClCompile Include="UI\GUI.cpp">
      <Filter>Source Files</Filter>
    </ClCompile>
    <ClCompile Include="UI\ImGui\imgui.cpp">
      <Filter>Source Files</Filter>
    </ClCompile>
    <ClCompile Include="UI\ImGui\imgui_demo.cpp">
      <Filter>Source Files</Filter>
    </ClCompile>
    <ClCompile Include="UI\ImGui\imgui_draw.cpp">
      <Filter>Source Files</Filter>
    </ClCompile>
    <ClCompile Include="UI\ImGui\imgui_tables.cpp">
      <Filter>Source Files</Filter>
    </ClCompile>
    <ClCompile Include="UI\ImGui\imgui_widgets.cpp">
      <Filter>Source Files</Filter>
    </ClCompile>
    <ClCompile Include="UI\ImGui\backends\imgui_impl_dx11.cpp">
      <Filter>Source Files</Filter>
    </ClCompile>
    <ClCompile Include="UI\ImGui\backends\imgui_impl_win32.cpp">
      <Filter>Source Files</Filter>
    </ClCompile>
    <ClCompile Include="UI\Fuser\Fuser.cpp">
      <Filter>Source Files</Filter>
    </ClCompile>
    <ClCompile Include="UI\Hotkey\Hotkey.cpp">
      <Filter>Source Files</Filter>
    </ClCompile>
    <ClCompile Include="UI\Plugins\plugin.cpp">
      <Filter>Source Files</Filter>
    </ClCompile>
    <ClCompile Include="UI\Plugins\map.cpp">
      <Filter>Source Files</Filter>
    </ClCompile>
    <ClCompile Include="Cheat\SDK\BaseMovement.cpp">
      <Filter>Source Files</Filter>
    </ClCompile>
    <ClCompile Include="Cheat\SDK\BaseNetworkable.cpp">
      <Filter>Source Files</Filter>
    </ClCompile>
    <ClCompile Include="Cheat\SDK\BasePlayer.cpp">
      <Filter>Source Files</Filter>
    </ClCompile>
    <ClCompile Include="Cheat\SDK\BaseProjectile.cpp">
      <Filter>Source Files</Filter>
    </ClCompile>
    <ClCompile Include="Cheat\SDK\ConsoleSystem.cpp">
      <Filter>Source Files</Filter>
    </ClCompile>
    <ClCompile Include="Cheat\SDK\ConvarAdmin.cpp">
      <Filter>Source Files</Filter>
    </ClCompile>
    <ClCompile Include="Cheat\SDK\ConvarGraphics.cpp">
      <Filter>Source Files</Filter>
    </ClCompile>
    <ClCompile Include="Cheat\SDK\FacepunchInput.cpp">
      <Filter>Source Files</Filter>
    </ClCompile>
    <ClCompile Include="Cheat\SDK\Item.cpp">
      <Filter>Source Files</Filter>
    </ClCompile>
    <ClCompile Include="Cheat\SDK\MainCamera.cpp">
      <Filter>Source Files</Filter>
    </ClCompile>
    <ClCompile Include="Cheat\SDK\Networkable.cpp">
      <Filter>Source Files</Filter>
    </ClCompile>
    <ClCompile Include="Cheat\SDK\OcclusionCulling.cpp">
      <Filter>Source Files</Filter>
    </ClCompile>
    <ClCompile Include="Cheat\SDK\TODSky.cpp">
      <Filter>Source Files</Filter>
    </ClCompile>
    <ClCompile Include="Cheat\Misc\Vector.cpp">
      <Filter>Source Files</Filter>
    </ClCompile>
    <ClCompile Include="Cheat\CheatThread.cpp">
      <Filter>Source Files</Filter>
    </ClCompile>
    <ClCompile Include="Cheat\Features\Misc Features\MiscFeatures.cpp">
      <Filter>Source Files</Filter>
    </ClCompile>
    <ClCompile Include="Cheat\Features\Misc Features\MiscWeapons.cpp">
      <Filter>Source Files</Filter>
    </ClCompile>
    <ClCompile Include="Cheat\Features\Misc Features\MovementFeatures.cpp">
      <Filter>Source Files</Filter>
    </ClCompile>
    <ClCompile Include="Cheat\Features\Misc Features\SkinChanger.cpp">
      <Filter>Source Files</Filter>
    </ClCompile>
    <ClCompile Include="Cheat\Features\Misc Features\VisualFeatures.cpp">
      <Filter>Source Files</Filter>
    </ClCompile>
    <ClCompile Include="Cheat\Misc\CheatFunction.cpp">
      <Filter>Source Files</Filter>
    </ClCompile>
    <ClCompile Include="Cheat\Features\ESP\AnimalEsp.cpp">
      <Filter>Source Files</Filter>
    </ClCompile>
    <ClCompile Include="Cheat\Features\ESP\CollectableEsp.cpp">
      <Filter>Source Files</Filter>
    </ClCompile>
    <ClCompile Include="Cheat\Features\ESP\DeployableEsp.cpp">
      <Filter>Source Files</Filter>
    </ClCompile>
    <ClCompile Include="Cheat\Features\ESP\DroppedItemEsp.cpp">
      <Filter>Source Files</Filter>
    </ClCompile>
    <ClCompile Include="Cheat\Features\ESP\LootableEsp.cpp">
      <Filter>Source Files</Filter>
    </ClCompile>
    <ClCompile Include="Cheat\Features\ESP\OreESP.cpp">
      <Filter>Source Files</Filter>
    </ClCompile>
    <ClCompile Include="Cheat\Features\ESP\PlayerEsp.cpp">
      <Filter>Source Files</Filter>
    </ClCompile>
    <ClCompile Include="Cheat\Features\ESP\VehicleEsp.cpp">
      <Filter>Source Files</Filter>
    </ClCompile>
    <ClCompile Include="Cheat\Features\ESP\Visuals.cpp">
      <Filter>Source Files</Filter>
    </ClCompile>
    <ClCompile Include="Cheat\Features\Aimbot\Aimbot.cpp">
      <Filter>Source Files</Filter>
    </ClCompile>
    <ClCompile Include="Cheat\Misc\kmbox.cpp">
      <Filter>Source Files</Filter>
    </ClCompile>
    <ClCompile Include="Cheat\Misc\kmboxNet.cpp">
      <Filter>Source Files</Filter>
    </ClCompile>
    <ClCompile Include="UI\Plugins\Huds.cpp">
      <Filter>Source Files</Filter>
    </ClCompile>
    <ClCompile Include="Cheat\Misc\Checksum.cpp">
      <Filter>Source Files</Filter>
    </ClCompile>
    <ClCompile Include="Utils\Zip\zip.c">
      <Filter>Source Files</Filter>
    </ClCompile>
    <ClCompile Include="Cheat\SDK\Client.cpp">
      <Filter>Source Files</Filter>
    </ClCompile>
    <ClCompile Include="Cheat\SDK\World.cpp">
      <Filter>Source Files</Filter>
    </ClCompile>
    <ClCompile Include="Cheat\Misc\UnityMath\FloatConversion.cpp">
      <Filter>Source Files</Filter>
    </ClCompile>
    <ClCompile Include="Cheat\Misc\UnityMath\Matrix3x3.cpp">
      <Filter>Source Files</Filter>
    </ClCompile>
    <ClCompile Include="Cheat\Misc\UnityMath\Matrix4x4.cpp">
      <Filter>Source Files</Filter>
    </ClCompile>
    <ClCompile Include="Cheat\Misc\UnityMath\Quaternion.cpp">
      <Filter>Source Files</Filter>
    </ClCompile>
    <ClCompile Include="Cheat\Misc\UnityMath\Vector2.cpp">
      <Filter>Source Files</Filter>
    </ClCompile>
    <ClCompile Include="Cheat\Misc\UnityMath\Vector3.cpp">
      <Filter>Source Files</Filter>
    </ClCompile>
    <ClCompile Include="Cheat\Misc\UnityMath\Vector4.cpp">
      <Filter>Source Files</Filter>
    </ClCompile>
    <ClCompile Include="Cheat\SDK\PlayerConvar.cpp">
      <Filter>Source Files</Filter>
    </ClCompile>
    <ClCompile Include="Cheat\SDK\Encryption.cpp">
      <Filter>Source Files</Filter>
    </ClCompile>
  </ItemGroup>
  <ItemGroup>
    <ClInclude Include="Config\Config.h">
      <Filter>Header Files</Filter>
    </ClInclude>
    <ClInclude Include="Config\fileIO.h">
      <Filter>Header Files</Filter>
    </ClInclude>
    <ClInclude Include="Config\hash.h">
      <Filter>Header Files</Filter>
    </ClInclude>
    <ClInclude Include="Utils\xorstr.hpp">
      <Filter>Header Files</Filter>
    </ClInclude>
    <ClInclude Include="context.h">
      <Filter>Header Files</Filter>
    </ClInclude>
    <ClInclude Include="Utils\Logging.h">
      <Filter>Header Files</Filter>
    </ClInclude>
    <ClInclude Include="UI\Draw.h">
      <Filter>Header Files</Filter>
    </ClInclude>
    <ClInclude Include="UI\GUI.h">
      <Filter>Header Files</Filter>
    </ClInclude>
    <ClInclude Include="UI\ImGui\imstb_truetype.h">
      <Filter>Header Files</Filter>
    </ClInclude>
    <ClInclude Include="UI\ImGui\imconfig.h">
      <Filter>Header Files</Filter>
    </ClInclude>
    <ClInclude Include="UI\ImGui\imgui.h">
      <Filter>Header Files</Filter>
    </ClInclude>
    <ClInclude Include="UI\ImGui\imgui_internal.h">
      <Filter>Header Files</Filter>
    </ClInclude>
    <ClInclude Include="UI\ImGui\imstb_rectpack.h">
      <Filter>Header Files</Filter>
    </ClInclude>
    <ClInclude Include="UI\ImGui\imstb_textedit.h">
      <Filter>Header Files</Filter>
    </ClInclude>
    <ClInclude Include="UI\ImGui\stb_image.h">
      <Filter>Header Files</Filter>
    </ClInclude>
    <ClInclude Include="UI\ImGui\backends\imgui_impl_dx11.h">
      <Filter>Header Files</Filter>
    </ClInclude>
    <ClInclude Include="UI\ImGui\backends\imgui_impl_win32.h">
      <Filter>Header Files</Filter>
    </ClInclude>
    <ClInclude Include="UI\Fuser\Fuser.h">
      <Filter>Header Files</Filter>
    </ClInclude>
    <ClInclude Include="UI\Hotkey\Hotkey.h">
      <Filter>Header Files</Filter>
    </ClInclude>
    <ClInclude Include="UI\Font\emoji.h">
      <Filter>Header Files</Filter>
    </ClInclude>
    <ClInclude Include="UI\Font\fontawesome_brands.h">
      <Filter>Header Files</Filter>
    </ClInclude>
    <ClInclude Include="UI\Font\fontawesome_duotone.h">
      <Filter>Header Files</Filter>
    </ClInclude>
    <ClInclude Include="UI\Font\fontawesome_regular.h">
      <Filter>Header Files</Filter>
    </ClInclude>
    <ClInclude Include="UI\Font\newIcons.h">
      <Filter>Header Files</Filter>
    </ClInclude>
    <ClInclude Include="UI\Font\roboto.h">
      <Filter>Header Files</Filter>
    </ClInclude>
    <ClInclude Include="UI\Font\stb_image.h">
      <Filter>Header Files</Filter>
    </ClInclude>
    <ClInclude Include="UI\Font\textFont.h">
      <Filter>Header Files</Filter>
    </ClInclude>
    <ClInclude Include="UI\Font\twemoji.h">
      <Filter>Header Files</Filter>
    </ClInclude>
    <ClInclude Include="UI\Plugins\plugin.h">
      <Filter>Header Files</Filter>
    </ClInclude>
    <ClInclude Include="UI\Plugins\map.h">
      <Filter>Header Files</Filter>
    </ClInclude>
    <ClInclude Include="Cheat\SDK\BaseMovement.h">
      <Filter>Header Files</Filter>
    </ClInclude>
    <ClInclude Include="Cheat\SDK\BaseNetworkable.h">
      <Filter>Header Files</Filter>
    </ClInclude>
    <ClInclude Include="Cheat\SDK\BasePlayer.h">
      <Filter>Header Files</Filter>
    </ClInclude>
    <ClInclude Include="Cheat\SDK\BaseProjectile.h">
      <Filter>Header Files</Filter>
    </ClInclude>
    <ClInclude Include="Cheat\SDK\ConsoleSystem.h">
      <Filter>Header Files</Filter>
    </ClInclude>
    <ClInclude Include="Cheat\SDK\ConvarAdmin.h">
      <Filter>Header Files</Filter>
    </ClInclude>
    <ClInclude Include="Cheat\SDK\ConvarGraphics.h">
      <Filter>Header Files</Filter>
    </ClInclude>
    <ClInclude Include="Cheat\SDK\FacepunchInput.h">
      <Filter>Header Files</Filter>
    </ClInclude>
    <ClInclude Include="Cheat\SDK\Item.h">
      <Filter>Header Files</Filter>
    </ClInclude>
    <ClInclude Include="Cheat\SDK\MainCamera.h">
      <Filter>Header Files</Filter>
    </ClInclude>
    <ClInclude Include="Cheat\SDK\Networkable.h">
      <Filter>Header Files</Filter>
    </ClInclude>
    <ClInclude Include="Cheat\SDK\OcclusionCulling.h">
      <Filter>Header Files</Filter>
    </ClInclude>
    <ClInclude Include="Cheat\SDK\TODSky.h">
      <Filter>Header Files</Filter>
    </ClInclude>
    <ClInclude Include="pch.h">
      <Filter>Header Files</Filter>
    </ClInclude>
    <ClInclude Include="Cheat\Globals.h">
      <Filter>Header Files</Filter>
    </ClInclude>
    <ClInclude Include="Cheat\Misc\Vector.h">
      <Filter>Header Files</Filter>
    </ClInclude>
    <ClInclude Include="Cheat\CheatThread.h">
      <Filter>Header Files</Filter>
    </ClInclude>
    <ClInclude Include="Cheat\Features\Misc Features\MiscFeatures.h">
      <Filter>Header Files</Filter>
    </ClInclude>
    <ClInclude Include="Cheat\Features\Misc Features\MiscWeapons.h">
      <Filter>Header Files</Filter>
    </ClInclude>
    <ClInclude Include="Cheat\Features\Misc Features\MovementFeatures.h">
      <Filter>Header Files</Filter>
    </ClInclude>
    <ClInclude Include="Cheat\Features\Misc Features\SkinChanger.h">
      <Filter>Header Files</Filter>
    </ClInclude>
    <ClInclude Include="Cheat\Features\Misc Features\VisualFeatures.h">
      <Filter>Header Files</Filter>
    </ClInclude>
    <ClInclude Include="Cheat\Misc\CheatFunction.h">
      <Filter>Header Files</Filter>
    </ClInclude>
    <ClInclude Include="Cheat\Features\ESP\AnimalEsp.h">
      <Filter>Header Files</Filter>
    </ClInclude>
    <ClInclude Include="Cheat\Features\ESP\CollectableEsp.h">
      <Filter>Header Files</Filter>
    </ClInclude>
    <ClInclude Include="Cheat\Features\ESP\DeployableEsp.h">
      <Filter>Header Files</Filter>
    </ClInclude>
    <ClInclude Include="Cheat\Features\ESP\DroppedItemEsp.h">
      <Filter>Header Files</Filter>
    </ClInclude>
    <ClInclude Include="Cheat\Features\ESP\LootableEsp.h">
      <Filter>Header Files</Filter>
    </ClInclude>
    <ClInclude Include="Cheat\Features\ESP\OreESP.h">
      <Filter>Header Files</Filter>
    </ClInclude>
    <ClInclude Include="Cheat\Features\ESP\PlayerEsp.h">
      <Filter>Header Files</Filter>
    </ClInclude>
    <ClInclude Include="Cheat\Features\ESP\VehicleEsp.h">
      <Filter>Header Files</Filter>
    </ClInclude>
    <ClInclude Include="Cheat\Features\ESP\Visuals.h">
      <Filter>Header Files</Filter>
    </ClInclude>
    <ClInclude Include="Cheat\Features\Aimbot\Aimbot.h">
      <Filter>Header Files</Filter>
    </ClInclude>
    <ClInclude Include="Cheat\Misc\HidTable.h">
      <Filter>Header Files</Filter>
    </ClInclude>
    <ClInclude Include="Cheat\Misc\kmbox.h">
      <Filter>Header Files</Filter>
    </ClInclude>
    <ClInclude Include="Cheat\Misc\kmboxNet.h">
      <Filter>Header Files</Filter>
    </ClInclude>
    <ClInclude Include="Cheat\Misc\PerlinNoise.hpp">
      <Filter>Header Files</Filter>
    </ClInclude>
    <ClInclude Include="UI\Plugins\Huds.h">
      <Filter>Header Files</Filter>
    </ClInclude>
    <ClInclude Include="Cheat\Misc\Checksum.h">
      <Filter>Header Files</Filter>
    </ClInclude>
    <ClInclude Include="Utils\Zip\zip.h">
      <Filter>Header Files</Filter>
    </ClInclude>
    <ClInclude Include="Cheat\SDK\Client.h">
      <Filter>Header Files</Filter>
    </ClInclude>
    <ClInclude Include="Cheat\SDK\World.h">
      <Filter>Header Files</Filter>
    </ClInclude>
    <ClInclude Include="Cheat\Misc\UnityMath\DynamicArray.hpp">
      <Filter>Header Files</Filter>
    </ClInclude>
    <ClInclude Include="Cheat\Misc\UnityMath\FloatConversion.hpp">
      <Filter>Header Files</Filter>
    </ClInclude>
    <ClInclude Include="Cheat\Misc\UnityMath\Matrix3x3.hpp">
      <Filter>Header Files</Filter>
    </ClInclude>
    <ClInclude Include="Cheat\Misc\UnityMath\Matrix4x4.hpp">
      <Filter>Header Files</Filter>
    </ClInclude>
    <ClInclude Include="Cheat\Misc\UnityMath\Quaternion.hpp">
      <Filter>Header Files</Filter>
    </ClInclude>
    <ClInclude Include="Cheat\Misc\UnityMath\Vector2.hpp">
      <Filter>Header Files</Filter>
    </ClInclude>
    <ClInclude Include="Cheat\Misc\UnityMath\Vector3.hpp">
      <Filter>Header Files</Filter>
    </ClInclude>
    <ClInclude Include="Cheat\Misc\UnityMath\Vector4.hpp">
      <Filter>Header Files</Filter>
    </ClInclude>
    <ClInclude Include="Cheat\SDK\PlayerConvar.h">
      <Filter>Header Files</Filter>
    </ClInclude>
    <ClInclude Include="Cheat\SDK\Encryption.h">
      <Filter>Header Files</Filter>
    </ClInclude>
  </ItemGroup>
</Project>